
Microsoft Visual Studio Solution File, Format Version 12.00
# Visual Studio Version 16
VisualStudioVersion = 16.0.29215.179
MinimumVisualStudioVersion = 10.0.40219.1
Project("{2150E333-8FDC-42A3-9474-1A3956D46DE8}") = "src", "src", "{7898F1FB-802A-4B39-B997-4364AA68AACB}"
EndProject
Project("{FAE04EC0-301F-11D3-BF4B-00C04F79EFBC}") = "BlackjackSimulator", "src\BlackjackSimulator\BlackjackSimulator.csproj", "{12C05214-F9D2-4B5E-824C-8268654CD822}"
EndProject
Project("{2150E333-8FDC-42A3-9474-1A3956D46DE8}") = "test", "test", "{546BC6ED-6CF7-41CF-BDDE-54EECB51DF5B}"
EndProject
Project("{2150E333-8FDC-42A3-9474-1A3956D46DE8}") = "Solution items", "Solution items", "{AA663834-9383-454D-B8DE-ABD15244F4DB}"
	ProjectSection(SolutionItems) = preProject
		.gitignore = .gitignore
	EndProjectSection
EndProject
Global
	GlobalSection(SolutionConfigurationPlatforms) = preSolution
		Debug|Any CPU = Debug|Any CPU
		Release|Any CPU = Release|Any CPU
	EndGlobalSection
	GlobalSection(ProjectConfigurationPlatforms) = postSolution
		{12C05214-F9D2-4B5E-824C-8268654CD822}.Debug|Any CPU.ActiveCfg = Debug|Any CPU
		{12C05214-F9D2-4B5E-824C-8268654CD822}.Debug|Any CPU.Build.0 = Debug|Any CPU
		{12C05214-F9D2-4B5E-824C-8268654CD822}.Release|Any CPU.ActiveCfg = Release|Any CPU
		{12C05214-F9D2-4B5E-824C-8268654CD822}.Release|Any CPU.Build.0 = Release|Any CPU
	EndGlobalSection
	GlobalSection(SolutionProperties) = preSolution
		HideSolutionNode = FALSE
	EndGlobalSection
	GlobalSection(NestedProjects) = preSolution
		{12C05214-F9D2-4B5E-824C-8268654CD822} = {7898F1FB-802A-4B39-B997-4364AA68AACB}
	EndGlobalSection
	GlobalSection(ExtensibilityGlobals) = postSolution
		SolutionGuid = {C1D55373-BA07-42A7-ABFB-AA532D6CEED3}
	EndGlobalSection
EndGlobal
