
Microsoft Visual Studio Solution File, Format Version 12.00
# Visual Studio Version 16
VisualStudioVersion = 16.0.29215.179
MinimumVisualStudioVersion = 10.0.40219.1
Project("{2150E333-8FDC-42A3-9474-1A3956D46DE8}") = "src", "src", "{7898F1FB-802A-4B39-B997-4364AA68AACB}"
EndProject
Project("{2150E333-8FDC-42A3-9474-1A3956D46DE8}") = "test", "test", "{546BC6ED-6CF7-41CF-BDDE-54EECB51DF5B}"
EndProject
Project("{2150E333-8FDC-42A3-9474-1A3956D46DE8}") = "Solution items", "Solution items", "{AA663834-9383-454D-B8DE-ABD15244F4DB}"
	ProjectSection(SolutionItems) = preProject
		.gitignore = .gitignore
		README.md = README.md
	EndProjectSection
EndProject
Project("{9A19103F-16F7-4668-BE54-9A1E7A4F7556}") = "BlackjackSimulator.UnitTest", "test\BlackjackSimulator.UnitTest\BlackjackSimulator.UnitTest.csproj", "{3C0FBA1C-B7A1-4D27-BCF0-7D97810C2880}"
EndProject
Project("{FAE04EC0-301F-11D3-BF4B-00C04F79EFBC}") = "BlackjackSimulatorUI", "BlackjackSimulatorUI\BlackjackSimulatorUI.csproj", "{B695D93A-DCFD-4EA3-9389-2978A09AC526}"
EndProject
Global
	GlobalSection(SolutionConfigurationPlatforms) = preSolution
		Debug|Any CPU = Debug|Any CPU
		Release|Any CPU = Release|Any CPU
	EndGlobalSection
	GlobalSection(ProjectConfigurationPlatforms) = postSolution
		{3C0FBA1C-B7A1-4D27-BCF0-7D97810C2880}.Debug|Any CPU.ActiveCfg = Debug|Any CPU
		{3C0FBA1C-B7A1-4D27-BCF0-7D97810C2880}.Debug|Any CPU.Build.0 = Debug|Any CPU
		{3C0FBA1C-B7A1-4D27-BCF0-7D97810C2880}.Release|Any CPU.ActiveCfg = Release|Any CPU
		{3C0FBA1C-B7A1-4D27-BCF0-7D97810C2880}.Release|Any CPU.Build.0 = Release|Any CPU
		{B695D93A-DCFD-4EA3-9389-2978A09AC526}.Debug|Any CPU.ActiveCfg = Debug|Any CPU
		{B695D93A-DCFD-4EA3-9389-2978A09AC526}.Debug|Any CPU.Build.0 = Debug|Any CPU
		{B695D93A-DCFD-4EA3-9389-2978A09AC526}.Release|Any CPU.ActiveCfg = Release|Any CPU
		{B695D93A-DCFD-4EA3-9389-2978A09AC526}.Release|Any CPU.Build.0 = Release|Any CPU
	EndGlobalSection
	GlobalSection(SolutionProperties) = preSolution
		HideSolutionNode = FALSE
	EndGlobalSection
	GlobalSection(NestedProjects) = preSolution
		{3C0FBA1C-B7A1-4D27-BCF0-7D97810C2880} = {546BC6ED-6CF7-41CF-BDDE-54EECB51DF5B}
		{B695D93A-DCFD-4EA3-9389-2978A09AC526} = {7898F1FB-802A-4B39-B997-4364AA68AACB}
	EndGlobalSection
	GlobalSection(ExtensibilityGlobals) = postSolution
		SolutionGuid = {C1D55373-BA07-42A7-ABFB-AA532D6CEED3}
	EndGlobalSection
EndGlobal
